<Solution>
  <Project Path="GameStore.API/GameStore.API.csproj" />
  <Project Path="GameStore.Application/GameStore.Application.csproj" />
  <Project Path="GameStore.Domain/GameStore.Domain.csproj" />
  <Project Path="GameStore.Infrastructure/GameStore.Infrastructure.csproj" />
  <Project Path="GameStore.Tests/GameStore.Tests.csproj" />
</Solution>
